
Microsoft Visual Studio Solution File, Format Version 12.00
# Visual Studio 15
VisualStudioVersion = 15.0.26430.16
MinimumVisualStudioVersion = 10.0.40219.1
Project("{9A19103F-16F7-4668-BE54-9A1E7A4F7556}") = "VueCoreFramework.SPA", "VueCoreFramework.SPA\VueCoreFramework.SPA.csproj", "{776A472F-5D33-4991-8DAE-641EDD2AE246}"
EndProject
Project("{2150E333-8FDC-42A3-9474-1A3956D46DE8}") = "Solution Items", "Solution Items", "{39B448DF-A080-4957-856D-9EB6DC3F4E0A}"
	ProjectSection(SolutionItems) = preProject
		.gitignore = .gitignore
		LICENSE.txt = LICENSE.txt
		README.md = README.md
	EndProjectSection
EndProject
Project("{9A19103F-16F7-4668-BE54-9A1E7A4F7556}") = "VueCoreFramework.Test", "VueCoreFramework.Test\VueCoreFramework.Test.csproj", "{E1317757-3CDE-4A25-9B22-532DC81397E1}"
EndProject
Project("{9A19103F-16F7-4668-BE54-9A1E7A4F7556}") = "VueCoreFramework.Core", "VueCoreFramework.Core\VueCoreFramework.Core.csproj", "{F73EE05E-3A1E-496A-B9B5-A300C9383BE4}"
EndProject
Project("{9A19103F-16F7-4668-BE54-9A1E7A4F7556}") = "VueCoreFramework.API", "VueCoreFramework.API\VueCoreFramework.API.csproj", "{5AEBD3C1-7FE4-405C-8E78-51C13013A84E}"
EndProject
Project("{FAE04EC0-301F-11D3-BF4B-00C04F79EFBC}") = "VueCoreFramework.Auth", "VueCoreFramework.Auth\VueCoreFramework.Auth.csproj", "{DABC189E-7DB8-46F4-9A32-AE67E08367A7}"
EndProject
Global
	GlobalSection(SolutionConfigurationPlatforms) = preSolution
		Debug|Any CPU = Debug|Any CPU
		Release|Any CPU = Release|Any CPU
	EndGlobalSection
	GlobalSection(ProjectConfigurationPlatforms) = postSolution
		{776A472F-5D33-4991-8DAE-641EDD2AE246}.Debug|Any CPU.ActiveCfg = Debug|Any CPU
		{776A472F-5D33-4991-8DAE-641EDD2AE246}.Debug|Any CPU.Build.0 = Debug|Any CPU
		{776A472F-5D33-4991-8DAE-641EDD2AE246}.Release|Any CPU.ActiveCfg = Release|Any CPU
		{776A472F-5D33-4991-8DAE-641EDD2AE246}.Release|Any CPU.Build.0 = Release|Any CPU
		{E1317757-3CDE-4A25-9B22-532DC81397E1}.Debug|Any CPU.ActiveCfg = Debug|Any CPU
		{E1317757-3CDE-4A25-9B22-532DC81397E1}.Debug|Any CPU.Build.0 = Debug|Any CPU
		{E1317757-3CDE-4A25-9B22-532DC81397E1}.Release|Any CPU.ActiveCfg = Release|Any CPU
		{E1317757-3CDE-4A25-9B22-532DC81397E1}.Release|Any CPU.Build.0 = Release|Any CPU
		{F73EE05E-3A1E-496A-B9B5-A300C9383BE4}.Debug|Any CPU.ActiveCfg = Debug|Any CPU
		{F73EE05E-3A1E-496A-B9B5-A300C9383BE4}.Debug|Any CPU.Build.0 = Debug|Any CPU
		{F73EE05E-3A1E-496A-B9B5-A300C9383BE4}.Release|Any CPU.ActiveCfg = Release|Any CPU
		{F73EE05E-3A1E-496A-B9B5-A300C9383BE4}.Release|Any CPU.Build.0 = Release|Any CPU
		{5AEBD3C1-7FE4-405C-8E78-51C13013A84E}.Debug|Any CPU.ActiveCfg = Debug|Any CPU
		{5AEBD3C1-7FE4-405C-8E78-51C13013A84E}.Debug|Any CPU.Build.0 = Debug|Any CPU
		{5AEBD3C1-7FE4-405C-8E78-51C13013A84E}.Release|Any CPU.ActiveCfg = Release|Any CPU
		{5AEBD3C1-7FE4-405C-8E78-51C13013A84E}.Release|Any CPU.Build.0 = Release|Any CPU
		{DABC189E-7DB8-46F4-9A32-AE67E08367A7}.Debug|Any CPU.ActiveCfg = Debug|Any CPU
		{DABC189E-7DB8-46F4-9A32-AE67E08367A7}.Debug|Any CPU.Build.0 = Debug|Any CPU
		{DABC189E-7DB8-46F4-9A32-AE67E08367A7}.Release|Any CPU.ActiveCfg = Release|Any CPU
		{DABC189E-7DB8-46F4-9A32-AE67E08367A7}.Release|Any CPU.Build.0 = Release|Any CPU
	EndGlobalSection
	GlobalSection(SolutionProperties) = preSolution
		HideSolutionNode = FALSE
	EndGlobalSection
EndGlobal
